// !$*UTF8*$!
{
	archiveVersion = 1;
	classes = {
	};
	objectVersion = 56;
	objects = {

/* Begin PBXBuildFile section */
		2C0DCF2D2A14E8DB00D99F9B /* SMap.cpp in Sources */ = {isa = PBXBuildFile; fileRef = 2C0DCF222A14E8DB00D99F9B /* SMap.cpp */; };
		2C0DCF2E2A14E8DB00D99F9B /* Str8ts.cpp in Sources */ = {isa = PBXBuildFile; fileRef = 2C0DCF232A14E8DB00D99F9B /* Str8ts.cpp */; };
		2C0DCF2F2A14E8DB00D99F9B /* LUTs.hpp in Sources */ = {isa = PBXBuildFile; fileRef = 2C0DCF242A14E8DB00D99F9B /* LUTs.hpp */; };
		2C0DCF302A14E8DB00D99F9B /* SMap.hpp in Sources */ = {isa = PBXBuildFile; fileRef = 2C0DCF252A14E8DB00D99F9B /* SMap.hpp */; };
		2C0DCF312A14E8DB00D99F9B /* Straight.cpp in Sources */ = {isa = PBXBuildFile; fileRef = 2C0DCF262A14E8DB00D99F9B /* Straight.cpp */; };
		2C0DCF322A14E8DB00D99F9B /* Straight.hpp in Sources */ = {isa = PBXBuildFile; fileRef = 2C0DCF272A14E8DB00D99F9B /* Straight.hpp */; };
		2C0DCF332A14E8DB00D99F9B /* solver.cpp in Sources */ = {isa = PBXBuildFile; fileRef = 2C0DCF282A14E8DB00D99F9B /* solver.cpp */; };
		2C0DCF342A14E8DB00D99F9B /* LUTs.cpp in Sources */ = {isa = PBXBuildFile; fileRef = 2C0DCF292A14E8DB00D99F9B /* LUTs.cpp */; };
		2C0DCF352A14E8DB00D99F9B /* STable.hpp in Sources */ = {isa = PBXBuildFile; fileRef = 2C0DCF2A2A14E8DB00D99F9B /* STable.hpp */; };
		2C0DCF362A14E8DB00D99F9B /* STable.cpp in Sources */ = {isa = PBXBuildFile; fileRef = 2C0DCF2B2A14E8DB00D99F9B /* STable.cpp */; };
		2C0DCF372A14E8DB00D99F9B /* Str8ts.hpp in Sources */ = {isa = PBXBuildFile; fileRef = 2C0DCF2C2A14E8DB00D99F9B /* Str8ts.hpp */; };
/* End PBXBuildFile section */

/* Begin PBXCopyFilesBuildPhase section */
		2CFEA1B62A14D13100D2DA28 /* CopyFiles */ = {
			isa = PBXCopyFilesBuildPhase;
			buildActionMask = 2147483647;
			dstPath = /usr/share/man/man1/;
			dstSubfolderSpec = 0;
			files = (
			);
			runOnlyForDeploymentPostprocessing = 1;
		};
/* End PBXCopyFilesBuildPhase section */

/* Begin PBXFileReference section */
		2C0DCF1D2A14D46100D99F9B /* src */ = {isa = PBXFileReference; lastKnownFileType = folder; path = src; sourceTree = "<group>"; };
		2C0DCF1E2A14D4AB00D99F9B /* CMakeLists.txt */ = {isa = PBXFileReference; lastKnownFileType = text; path = CMakeLists.txt; sourceTree = "<group>"; };
		2C0DCF1F2A14D4AB00D99F9B /* Readme.md */ = {isa = PBXFileReference; lastKnownFileType = net.daringfireball.markdown; path = Readme.md; sourceTree = "<group>"; };
		2C0DCF222A14E8DB00D99F9B /* SMap.cpp */ = {isa = PBXFileReference; lastKnownFileType = sourcecode.cpp.cpp; name = SMap.cpp; path = src/SMap.cpp; sourceTree = "<group>"; };
		2C0DCF232A14E8DB00D99F9B /* Str8ts.cpp */ = {isa = PBXFileReference; lastKnownFileType = sourcecode.cpp.cpp; name = Str8ts.cpp; path = src/Str8ts.cpp; sourceTree = "<group>"; };
		2C0DCF242A14E8DB00D99F9B /* LUTs.hpp */ = {isa = PBXFileReference; lastKnownFileType = sourcecode.cpp.h; name = LUTs.hpp; path = src/LUTs.hpp; sourceTree = "<group>"; };
		2C0DCF252A14E8DB00D99F9B /* SMap.hpp */ = {isa = PBXFileReference; lastKnownFileType = sourcecode.cpp.h; name = SMap.hpp; path = src/SMap.hpp; sourceTree = "<group>"; };
		2C0DCF262A14E8DB00D99F9B /* Straight.cpp */ = {isa = PBXFileReference; lastKnownFileType = sourcecode.cpp.cpp; name = Straight.cpp; path = src/Straight.cpp; sourceTree = "<group>"; };
		2C0DCF272A14E8DB00D99F9B /* Straight.hpp */ = {isa = PBXFileReference; lastKnownFileType = sourcecode.cpp.h; name = Straight.hpp; path = src/Straight.hpp; sourceTree = "<group>"; };
		2C0DCF282A14E8DB00D99F9B /* solver.cpp */ = {isa = PBXFileReference; lastKnownFileType = sourcecode.cpp.cpp; name = solver.cpp; path = src/solver.cpp; sourceTree = "<group>"; };
		2C0DCF292A14E8DB00D99F9B /* LUTs.cpp */ = {isa = PBXFileReference; lastKnownFileType = sourcecode.cpp.cpp; name = LUTs.cpp; path = src/LUTs.cpp; sourceTree = "<group>"; };
		2C0DCF2A2A14E8DB00D99F9B /* STable.hpp */ = {isa = PBXFileReference; lastKnownFileType = sourcecode.cpp.h; name = STable.hpp; path = src/STable.hpp; sourceTree = "<group>"; };
		2C0DCF2B2A14E8DB00D99F9B /* STable.cpp */ = {isa = PBXFileReference; lastKnownFileType = sourcecode.cpp.cpp; name = STable.cpp; path = src/STable.cpp; sourceTree = "<group>"; };
		2C0DCF2C2A14E8DB00D99F9B /* Str8ts.hpp */ = {isa = PBXFileReference; lastKnownFileType = sourcecode.cpp.h; name = Str8ts.hpp; path = src/Str8ts.hpp; sourceTree = "<group>"; };
		2CFEA1B82A14D13100D2DA28 /* Str8ts */ = {isa = PBXFileReference; explicitFileType = "compiled.mach-o.executable"; includeInIndex = 0; path = Str8ts; sourceTree = BUILT_PRODUCTS_DIR; };
/* End PBXFileReference section */

/* Begin PBXFrameworksBuildPhase section */
		2CFEA1B52A14D13100D2DA28 /* Frameworks */ = {
			isa = PBXFrameworksBuildPhase;
			buildActionMask = 2147483647;
			files = (
			);
			runOnlyForDeploymentPostprocessing = 0;
		};
/* End PBXFrameworksBuildPhase section */

/* Begin PBXGroup section */
		2CFEA1AF2A14D13100D2DA28 = {
			isa = PBXGroup;
			children = (
				2C0DCF292A14E8DB00D99F9B /* LUTs.cpp */,
				2C0DCF242A14E8DB00D99F9B /* LUTs.hpp */,
				2C0DCF222A14E8DB00D99F9B /* SMap.cpp */,
				2C0DCF252A14E8DB00D99F9B /* SMap.hpp */,
				2C0DCF282A14E8DB00D99F9B /* solver.cpp */,
				2C0DCF2B2A14E8DB00D99F9B /* STable.cpp */,
				2C0DCF2A2A14E8DB00D99F9B /* STable.hpp */,
				2C0DCF232A14E8DB00D99F9B /* Str8ts.cpp */,
				2C0DCF2C2A14E8DB00D99F9B /* Str8ts.hpp */,
				2C0DCF262A14E8DB00D99F9B /* Straight.cpp */,
				2C0DCF272A14E8DB00D99F9B /* Straight.hpp */,
				2C0DCF1E2A14D4AB00D99F9B /* CMakeLists.txt */,
				2C0DCF1F2A14D4AB00D99F9B /* Readme.md */,
				2C0DCF1D2A14D46100D99F9B /* src */,
				2CFEA1B92A14D13100D2DA28 /* Products */,
			);
			sourceTree = "<group>";
		};
		2CFEA1B92A14D13100D2DA28 /* Products */ = {
			isa = PBXGroup;
			children = (
				2CFEA1B82A14D13100D2DA28 /* Str8ts */,
			);
			name = Products;
			sourceTree = "<group>";
		};
/* End PBXGroup section */

/* Begin PBXNativeTarget section */
		2CFEA1B72A14D13100D2DA28 /* Str8ts */ = {
			isa = PBXNativeTarget;
			buildConfigurationList = 2CFEA1BF2A14D13100D2DA28 /* Build configuration list for PBXNativeTarget "Str8ts" */;
			buildPhases = (
				2CFEA1B42A14D13100D2DA28 /* Sources */,
				2CFEA1B52A14D13100D2DA28 /* Frameworks */,
				2CFEA1B62A14D13100D2DA28 /* CopyFiles */,
			);
			buildRules = (
			);
			dependencies = (
			);
			name = Str8ts;
			productName = Str8ts;
			productReference = 2CFEA1B82A14D13100D2DA28 /* Str8ts */;
			productType = "com.apple.product-type.tool";
		};
/* End PBXNativeTarget section */

/* Begin PBXProject section */
		2CFEA1B02A14D13100D2DA28 /* Project object */ = {
			isa = PBXProject;
			attributes = {
				BuildIndependentTargetsInParallel = 1;
				LastUpgradeCheck = 1430;
				TargetAttributes = {
					2CFEA1B72A14D13100D2DA28 = {
						CreatedOnToolsVersion = 14.3;
					};
				};
			};
			buildConfigurationList = 2CFEA1B32A14D13100D2DA28 /* Build configuration list for PBXProject "Str8ts" */;
			compatibilityVersion = "Xcode 14.0";
			developmentRegion = en;
			hasScannedForEncodings = 0;
			knownRegions = (
				en,
				Base,
			);
			mainGroup = 2CFEA1AF2A14D13100D2DA28;
			productRefGroup = 2CFEA1B92A14D13100D2DA28 /* Products */;
			projectDirPath = "";
			projectRoot = "";
			targets = (
				2CFEA1B72A14D13100D2DA28 /* Str8ts */,
			);
		};
/* End PBXProject section */

/* Begin PBXSourcesBuildPhase section */
		2CFEA1B42A14D13100D2DA28 /* Sources */ = {
			isa = PBXSourcesBuildPhase;
			buildActionMask = 2147483647;
			files = (
				2C0DCF2D2A14E8DB00D99F9B /* SMap.cpp in Sources */,
				2C0DCF2E2A14E8DB00D99F9B /* Str8ts.cpp in Sources */,
				2C0DCF2F2A14E8DB00D99F9B /* LUTs.hpp in Sources */,
				2C0DCF302A14E8DB00D99F9B /* SMap.hpp in Sources */,
				2C0DCF312A14E8DB00D99F9B /* Straight.cpp in Sources */,
				2C0DCF322A14E8DB00D99F9B /* Straight.hpp in Sources */,
				2C0DCF332A14E8DB00D99F9B /* solver.cpp in Sources */,
				2C0DCF342A14E8DB00D99F9B /* LUTs.cpp in Sources */,
				2C0DCF352A14E8DB00D99F9B /* STable.hpp in Sources */,
				2C0DCF362A14E8DB00D99F9B /* STable.cpp in Sources */,
				2C0DCF372A14E8DB00D99F9B /* Str8ts.hpp in Sources */,
			);
			runOnlyForDeploymentPostprocessing = 0;
		};
/* End PBXSourcesBuildPhase section */

/* Begin XCBuildConfiguration section */
		2CFEA1BD2A14D13100D2DA28 /* Debug */ = {
			isa = XCBuildConfiguration;
			buildSettings = {
				ALWAYS_SEARCH_USER_PATHS = NO;
				CLANG_ANALYZER_NONNULL = YES;
				CLANG_ANALYZER_NUMBER_OBJECT_CONVERSION = YES_AGGRESSIVE;
				CLANG_CXX_LANGUAGE_STANDARD = "gnu++20";
				CLANG_ENABLE_MODULES = YES;
				CLANG_ENABLE_OBJC_ARC = YES;
				CLANG_ENABLE_OBJC_WEAK = YES;
				CLANG_WARN_BLOCK_CAPTURE_AUTORELEASING = YES;
				CLANG_WARN_BOOL_CONVERSION = YES;
				CLANG_WARN_COMMA = YES;
				CLANG_WARN_CONSTANT_CONVERSION = YES;
				CLANG_WARN_DEPRECATED_OBJC_IMPLEMENTATIONS = YES;
				CLANG_WARN_DIRECT_OBJC_ISA_USAGE = YES_ERROR;
				CLANG_WARN_DOCUMENTATION_COMMENTS = YES;
				CLANG_WARN_EMPTY_BODY = YES;
				CLANG_WARN_ENUM_CONVERSION = YES;
				CLANG_WARN_INFINITE_RECURSION = YES;
				CLANG_WARN_INT_CONVERSION = YES;
				CLANG_WARN_NON_LITERAL_NULL_CONVERSION = YES;
				CLANG_WARN_OBJC_IMPLICIT_RETAIN_SELF = YES;
				CLANG_WARN_OBJC_LITERAL_CONVERSION = YES;
				CLANG_WARN_OBJC_ROOT_CLASS = YES_ERROR;
				CLANG_WARN_QUOTED_INCLUDE_IN_FRAMEWORK_HEADER = YES;
				CLANG_WARN_RANGE_LOOP_ANALYSIS = YES;
				CLANG_WARN_STRICT_PROTOTYPES = YES;
				CLANG_WARN_SUSPICIOUS_MOVE = YES;
				CLANG_WARN_UNGUARDED_AVAILABILITY = YES_AGGRESSIVE;
				CLANG_WARN_UNREACHABLE_CODE = YES;
				CLANG_WARN__DUPLICATE_METHOD_MATCH = YES;
				COPY_PHASE_STRIP = NO;
				DEBUG_INFORMATION_FORMAT = dwarf;
				ENABLE_STRICT_OBJC_MSGSEND = YES;
				ENABLE_TESTABILITY = YES;
				GCC_C_LANGUAGE_STANDARD = gnu11;
				GCC_DYNAMIC_NO_PIC = NO;
				GCC_NO_COMMON_BLOCKS = YES;
				GCC_OPTIMIZATION_LEVEL = 0;
				GCC_PREPROCESSOR_DEFINITIONS = (
					"DEBUG=1",
					"$(inherited)",
				);
				GCC_WARN_64_TO_32_BIT_CONVERSION = YES;
				GCC_WARN_ABOUT_RETURN_TYPE = YES_ERROR;
				GCC_WARN_UNDECLARED_SELECTOR = YES;
				GCC_WARN_UNINITIALIZED_AUTOS = YES_AGGRESSIVE;
				GCC_WARN_UNUSED_FUNCTION = YES;
				GCC_WARN_UNUSED_VARIABLE = YES;
				MACOSX_DEPLOYMENT_TARGET = 13.3;
				MTL_ENABLE_DEBUG_INFO = INCLUDE_SOURCE;
				MTL_FAST_MATH = YES;
				ONLY_ACTIVE_ARCH = YES;
				SDKROOT = macosx;
			};
			name = Debug;
		};
		2CFEA1BE2A14D13100D2DA28 /* Release */ = {
			isa = XCBuildConfiguration;
			buildSettings = {
				ALWAYS_SEARCH_USER_PATHS = NO;
				CLANG_ANALYZER_NONNULL = YES;
				CLANG_ANALYZER_NUMBER_OBJECT_CONVERSION = YES_AGGRESSIVE;
				CLANG_CXX_LANGUAGE_STANDARD = "gnu++20";
				CLANG_ENABLE_MODULES = YES;
				CLANG_ENABLE_OBJC_ARC = YES;
				CLANG_ENABLE_OBJC_WEAK = YES;
				CLANG_WARN_BLOCK_CAPTURE_AUTORELEASING = YES;
				CLANG_WARN_BOOL_CONVERSION = YES;
				CLANG_WARN_COMMA = YES;
				CLANG_WARN_CONSTANT_CONVERSION = YES;
				CLANG_WARN_DEPRECATED_OBJC_IMPLEMENTATIONS = YES;
				CLANG_WARN_DIRECT_OBJC_ISA_USAGE = YES_ERROR;
				CLANG_WARN_DOCUMENTATION_COMMENTS = YES;
				CLANG_WARN_EMPTY_BODY = YES;
				CLANG_WARN_ENUM_CONVERSION = YES;
				CLANG_WARN_INFINITE_RECURSION = YES;
				CLANG_WARN_INT_CONVERSION = YES;
				CLANG_WARN_NON_LITERAL_NULL_CONVERSION = YES;
				CLANG_WARN_OBJC_IMPLICIT_RETAIN_SELF = YES;
				CLANG_WARN_OBJC_LITERAL_CONVERSION = YES;
				CLANG_WARN_OBJC_ROOT_CLASS = YES_ERROR;
				CLANG_WARN_QUOTED_INCLUDE_IN_FRAMEWORK_HEADER = YES;
				CLANG_WARN_RANGE_LOOP_ANALYSIS = YES;
				CLANG_WARN_STRICT_PROTOTYPES = YES;
				CLANG_WARN_SUSPICIOUS_MOVE = YES;
				CLANG_WARN_UNGUARDED_AVAILABILITY = YES_AGGRESSIVE;
				CLANG_WARN_UNREACHABLE_CODE = YES;
				CLANG_WARN__DUPLICATE_METHOD_MATCH = YES;
				COPY_PHASE_STRIP = NO;
				DEBUG_INFORMATION_FORMAT = "dwarf-with-dsym";
				ENABLE_NS_ASSERTIONS = NO;
				ENABLE_STRICT_OBJC_MSGSEND = YES;
				GCC_C_LANGUAGE_STANDARD = gnu11;
				GCC_NO_COMMON_BLOCKS = YES;
				GCC_WARN_64_TO_32_BIT_CONVERSION = YES;
				GCC_WARN_ABOUT_RETURN_TYPE = YES_ERROR;
				GCC_WARN_UNDECLARED_SELECTOR = YES;
				GCC_WARN_UNINITIALIZED_AUTOS = YES_AGGRESSIVE;
				GCC_WARN_UNUSED_FUNCTION = YES;
				GCC_WARN_UNUSED_VARIABLE = YES;
				MACOSX_DEPLOYMENT_TARGET = 13.3;
				MTL_ENABLE_DEBUG_INFO = NO;
				MTL_FAST_MATH = YES;
				SDKROOT = macosx;
			};
			name = Release;
		};
		2CFEA1C02A14D13100D2DA28 /* Debug */ = {
			isa = XCBuildConfiguration;
			buildSettings = {
				CODE_SIGN_STYLE = Automatic;
				DEVELOPMENT_TEAM = Q9ZPPSVJTP;
				ENABLE_HARDENED_RUNTIME = YES;
				PRODUCT_NAME = "$(TARGET_NAME)";
			};
			name = Debug;
		};
		2CFEA1C12A14D13100D2DA28 /* Release */ = {
			isa = XCBuildConfiguration;
			buildSettings = {
				CODE_SIGN_STYLE = Automatic;
				DEVELOPMENT_TEAM = Q9ZPPSVJTP;
				ENABLE_HARDENED_RUNTIME = YES;
				PRODUCT_NAME = "$(TARGET_NAME)";
			};
			name = Release;
		};
/* End XCBuildConfiguration section */

/* Begin XCConfigurationList section */
		2CFEA1B32A14D13100D2DA28 /* Build configuration list for PBXProject "Str8ts" */ = {
			isa = XCConfigurationList;
			buildConfigurations = (
				2CFEA1BD2A14D13100D2DA28 /* Debug */,
				2CFEA1BE2A14D13100D2DA28 /* Release */,
			);
			defaultConfigurationIsVisible = 0;
			defaultConfigurationName = Release;
		};
		2CFEA1BF2A14D13100D2DA28 /* Build configuration list for PBXNativeTarget "Str8ts" */ = {
			isa = XCConfigurationList;
			buildConfigurations = (
				2CFEA1C02A14D13100D2DA28 /* Debug */,
				2CFEA1C12A14D13100D2DA28 /* Release */,
			);
			defaultConfigurationIsVisible = 0;
			defaultConfigurationName = Release;
		};
/* End XCConfigurationList section */
	};
	rootObject = 2CFEA1B02A14D13100D2DA28 /* Project object */;
}
